
Microsoft Visual Studio Solution File, Format Version 12.00
# Visual Studio 15
VisualStudioVersion = 15.0.28307.489
MinimumVisualStudioVersion = 10.0.40219.1
Project("{FAE04EC0-301F-11D3-BF4B-00C04F79EFBC}") = "Tccc2019.ApiStarter", "Tccc2019.ApiStarter\Tccc2019.ApiStarter.csproj", "{255E6B25-322D-479F-8887-943F44FF6638}"
EndProject
Global
	GlobalSection(SolutionConfigurationPlatforms) = preSolution
		Debug|Any CPU = Debug|Any CPU
		Release|Any CPU = Release|Any CPU
	EndGlobalSection
	GlobalSection(ProjectConfigurationPlatforms) = postSolution
		{255E6B25-322D-479F-8887-943F44FF6638}.Debug|Any CPU.ActiveCfg = Debug|Any CPU
		{255E6B25-322D-479F-8887-943F44FF6638}.Debug|Any CPU.Build.0 = Debug|Any CPU
		{255E6B25-322D-479F-8887-943F44FF6638}.Release|Any CPU.ActiveCfg = Release|Any CPU
		{255E6B25-322D-479F-8887-943F44FF6638}.Release|Any CPU.Build.0 = Release|Any CPU
	EndGlobalSection
	GlobalSection(SolutionProperties) = preSolution
		HideSolutionNode = FALSE
	EndGlobalSection
	GlobalSection(ExtensibilityGlobals) = postSolution
		SolutionGuid = {357C18AC-C80D-47CE-9F8E-9A7DA2FCA9B2}
	EndGlobalSection
EndGlobal
